// !$*UTF8*$!
{
	archiveVersion = 1;
	classes = {
	};
	objectVersion = 56;
	objects = {

/* Begin PBXBuildFile section */
		3FD85E6A2BDA116800355B26 /* CollegeDetailViewController.swift in Sources */ = {isa = PBXBuildFile; fileRef = 3FD85E692BDA116800355B26 /* CollegeDetailViewController.swift */; };
		3FD85E6D2BDA1C2A00355B26 /* Student+CoreDataClass.swift in Sources */ = {isa = PBXBuildFile; fileRef = 3FD85E6B2BDA1C2A00355B26 /* Student+CoreDataClass.swift */; };
		3FD85E6E2BDA1C2A00355B26 /* Student+CoreDataProperties.swift in Sources */ = {isa = PBXBuildFile; fileRef = 3FD85E6C2BDA1C2A00355B26 /* Student+CoreDataProperties.swift */; };
		3FD85E702BDA1EC100355B26 /* StudentDetailViewController.swift in Sources */ = {isa = PBXBuildFile; fileRef = 3FD85E6F2BDA1EC100355B26 /* StudentDetailViewController.swift */; };
		3FD85E722BDA298800355B26 /* StudentListingViewController.swift in Sources */ = {isa = PBXBuildFile; fileRef = 3FD85E712BDA298800355B26 /* StudentListingViewController.swift */; };
		3FD85E742BDA29F600355B26 /* StudentListiTableViewCell.swift in Sources */ = {isa = PBXBuildFile; fileRef = 3FD85E732BDA29F600355B26 /* StudentListiTableViewCell.swift */; };
		3FD85E762BDA2D7600355B26 /* StudentDetailsViewController.swift in Sources */ = {isa = PBXBuildFile; fileRef = 3FD85E752BDA2D7600355B26 /* StudentDetailsViewController.swift */; };
		AFEAF2962BD8C242008D484F /* AppDelegate.swift in Sources */ = {isa = PBXBuildFile; fileRef = AFEAF2952BD8C242008D484F /* AppDelegate.swift */; };
		AFEAF2982BD8C242008D484F /* SceneDelegate.swift in Sources */ = {isa = PBXBuildFile; fileRef = AFEAF2972BD8C242008D484F /* SceneDelegate.swift */; };
		AFEAF29A2BD8C242008D484F /* ViewController.swift in Sources */ = {isa = PBXBuildFile; fileRef = AFEAF2992BD8C242008D484F /* ViewController.swift */; };
		AFEAF29D2BD8C242008D484F /* Main.storyboard in Resources */ = {isa = PBXBuildFile; fileRef = AFEAF29B2BD8C242008D484F /* Main.storyboard */; };
		AFEAF2A02BD8C242008D484F /* CoreDataDemo1.xcdatamodeld in Sources */ = {isa = PBXBuildFile; fileRef = AFEAF29E2BD8C242008D484F /* CoreDataDemo1.xcdatamodeld */; };
		AFEAF2A22BD8C24C008D484F /* Assets.xcassets in Resources */ = {isa = PBXBuildFile; fileRef = AFEAF2A12BD8C24C008D484F /* Assets.xcassets */; };
		AFEAF2A52BD8C24C008D484F /* LaunchScreen.storyboard in Resources */ = {isa = PBXBuildFile; fileRef = AFEAF2A32BD8C24C008D484F /* LaunchScreen.storyboard */; };
		AFEAF2B02BD8C24C008D484F /* CoreDataDemo1Tests.swift in Sources */ = {isa = PBXBuildFile; fileRef = AFEAF2AF2BD8C24C008D484F /* CoreDataDemo1Tests.swift */; };
		AFEAF2BA2BD8C24C008D484F /* CoreDataDemo1UITests.swift in Sources */ = {isa = PBXBuildFile; fileRef = AFEAF2B92BD8C24C008D484F /* CoreDataDemo1UITests.swift */; };
		AFEAF2BC2BD8C24C008D484F /* CoreDataDemo1UITestsLaunchTests.swift in Sources */ = {isa = PBXBuildFile; fileRef = AFEAF2BB2BD8C24C008D484F /* CoreDataDemo1UITestsLaunchTests.swift */; };
		AFEAF2C92BD8C2BA008D484F /* AddCollegeViewController.swift in Sources */ = {isa = PBXBuildFile; fileRef = AFEAF2C82BD8C2BA008D484F /* AddCollegeViewController.swift */; };
		AFEAF2D02BD8C726008D484F /* College+CoreDataClass.swift in Sources */ = {isa = PBXBuildFile; fileRef = AFEAF2CE2BD8C726008D484F /* College+CoreDataClass.swift */; };
		AFEAF2D12BD8C726008D484F /* College+CoreDataProperties.swift in Sources */ = {isa = PBXBuildFile; fileRef = AFEAF2CF2BD8C726008D484F /* College+CoreDataProperties.swift */; };
		AFEAF2D32BD8CCC6008D484F /* CollegeListingViewController.swift in Sources */ = {isa = PBXBuildFile; fileRef = AFEAF2D22BD8CCC6008D484F /* CollegeListingViewController.swift */; };
		AFEAF2D52BD8CD6D008D484F /* CollegeListTableViewCell.swift in Sources */ = {isa = PBXBuildFile; fileRef = AFEAF2D42BD8CD6D008D484F /* CollegeListTableViewCell.swift */; };
/* End PBXBuildFile section */

/* Begin PBXContainerItemProxy section */
		AFEAF2AC2BD8C24C008D484F /* PBXContainerItemProxy */ = {
			isa = PBXContainerItemProxy;
			containerPortal = AFEAF28A2BD8C242008D484F /* Project object */;
			proxyType = 1;
			remoteGlobalIDString = AFEAF2912BD8C242008D484F;
			remoteInfo = CoreDataDemo1;
		};
		AFEAF2B62BD8C24C008D484F /* PBXContainerItemProxy */ = {
			isa = PBXContainerItemProxy;
			containerPortal = AFEAF28A2BD8C242008D484F /* Project object */;
			proxyType = 1;
			remoteGlobalIDString = AFEAF2912BD8C242008D484F;
			remoteInfo = CoreDataDemo1;
		};
/* End PBXContainerItemProxy section */

/* Begin PBXFileReference section */
		3FD85E692BDA116800355B26 /* CollegeDetailViewController.swift */ = {isa = PBXFileReference; lastKnownFileType = sourcecode.swift; path = CollegeDetailViewController.swift; sourceTree = "<group>"; };
		3FD85E6B2BDA1C2A00355B26 /* Student+CoreDataClass.swift */ = {isa = PBXFileReference; lastKnownFileType = sourcecode.swift; path = "Student+CoreDataClass.swift"; sourceTree = "<group>"; };
		3FD85E6C2BDA1C2A00355B26 /* Student+CoreDataProperties.swift */ = {isa = PBXFileReference; lastKnownFileType = sourcecode.swift; path = "Student+CoreDataProperties.swift"; sourceTree = "<group>"; };
		3FD85E6F2BDA1EC100355B26 /* StudentDetailViewController.swift */ = {isa = PBXFileReference; lastKnownFileType = sourcecode.swift; path = StudentDetailViewController.swift; sourceTree = "<group>"; };
		3FD85E712BDA298800355B26 /* StudentListingViewController.swift */ = {isa = PBXFileReference; lastKnownFileType = sourcecode.swift; path = StudentListingViewController.swift; sourceTree = "<group>"; };
		3FD85E732BDA29F600355B26 /* StudentListiTableViewCell.swift */ = {isa = PBXFileReference; lastKnownFileType = sourcecode.swift; path = StudentListiTableViewCell.swift; sourceTree = "<group>"; };
		3FD85E752BDA2D7600355B26 /* StudentDetailsViewController.swift */ = {isa = PBXFileReference; lastKnownFileType = sourcecode.swift; path = StudentDetailsViewController.swift; sourceTree = "<group>"; };
		AFEAF2922BD8C242008D484F /* CoreDataDemo1.app */ = {isa = PBXFileReference; explicitFileType = wrapper.application; includeInIndex = 0; path = CoreDataDemo1.app; sourceTree = BUILT_PRODUCTS_DIR; };
		AFEAF2952BD8C242008D484F /* AppDelegate.swift */ = {isa = PBXFileReference; lastKnownFileType = sourcecode.swift; path = AppDelegate.swift; sourceTree = "<group>"; };
		AFEAF2972BD8C242008D484F /* SceneDelegate.swift */ = {isa = PBXFileReference; lastKnownFileType = sourcecode.swift; path = SceneDelegate.swift; sourceTree = "<group>"; };
		AFEAF2992BD8C242008D484F /* ViewController.swift */ = {isa = PBXFileReference; lastKnownFileType = sourcecode.swift; path = ViewController.swift; sourceTree = "<group>"; };
		AFEAF29C2BD8C242008D484F /* Base */ = {isa = PBXFileReference; lastKnownFileType = file.storyboard; name = Base; path = Base.lproj/Main.storyboard; sourceTree = "<group>"; };
		AFEAF29F2BD8C242008D484F /* CoreDataDemo1.xcdatamodel */ = {isa = PBXFileReference; lastKnownFileType = wrapper.xcdatamodel; path = CoreDataDemo1.xcdatamodel; sourceTree = "<group>"; };
		AFEAF2A12BD8C24C008D484F /* Assets.xcassets */ = {isa = PBXFileReference; lastKnownFileType = folder.assetcatalog; path = Assets.xcassets; sourceTree = "<group>"; };
		AFEAF2A42BD8C24C008D484F /* Base */ = {isa = PBXFileReference; lastKnownFileType = file.storyboard; name = Base; path = Base.lproj/LaunchScreen.storyboard; sourceTree = "<group>"; };
		AFEAF2A62BD8C24C008D484F /* Info.plist */ = {isa = PBXFileReference; lastKnownFileType = text.plist.xml; path = Info.plist; sourceTree = "<group>"; };
		AFEAF2AB2BD8C24C008D484F /* CoreDataDemo1Tests.xctest */ = {isa = PBXFileReference; explicitFileType = wrapper.cfbundle; includeInIndex = 0; path = CoreDataDemo1Tests.xctest; sourceTree = BUILT_PRODUCTS_DIR; };
		AFEAF2AF2BD8C24C008D484F /* CoreDataDemo1Tests.swift */ = {isa = PBXFileReference; lastKnownFileType = sourcecode.swift; path = CoreDataDemo1Tests.swift; sourceTree = "<group>"; };
		AFEAF2B52BD8C24C008D484F /* CoreDataDemo1UITests.xctest */ = {isa = PBXFileReference; explicitFileType = wrapper.cfbundle; includeInIndex = 0; path = CoreDataDemo1UITests.xctest; sourceTree = BUILT_PRODUCTS_DIR; };
		AFEAF2B92BD8C24C008D484F /* CoreDataDemo1UITests.swift */ = {isa = PBXFileReference; lastKnownFileType = sourcecode.swift; path = CoreDataDemo1UITests.swift; sourceTree = "<group>"; };
		AFEAF2BB2BD8C24C008D484F /* CoreDataDemo1UITestsLaunchTests.swift */ = {isa = PBXFileReference; lastKnownFileType = sourcecode.swift; path = CoreDataDemo1UITestsLaunchTests.swift; sourceTree = "<group>"; };
		AFEAF2C82BD8C2BA008D484F /* AddCollegeViewController.swift */ = {isa = PBXFileReference; lastKnownFileType = sourcecode.swift; path = AddCollegeViewController.swift; sourceTree = "<group>"; };
		AFEAF2CE2BD8C726008D484F /* College+CoreDataClass.swift */ = {isa = PBXFileReference; lastKnownFileType = sourcecode.swift; path = "College+CoreDataClass.swift"; sourceTree = "<group>"; };
		AFEAF2CF2BD8C726008D484F /* College+CoreDataProperties.swift */ = {isa = PBXFileReference; lastKnownFileType = sourcecode.swift; path = "College+CoreDataProperties.swift"; sourceTree = "<group>"; };
		AFEAF2D22BD8CCC6008D484F /* CollegeListingViewController.swift */ = {isa = PBXFileReference; lastKnownFileType = sourcecode.swift; path = CollegeListingViewController.swift; sourceTree = "<group>"; };
		AFEAF2D42BD8CD6D008D484F /* CollegeListTableViewCell.swift */ = {isa = PBXFileReference; lastKnownFileType = sourcecode.swift; path = CollegeListTableViewCell.swift; sourceTree = "<group>"; };
/* End PBXFileReference section */

/* Begin PBXFrameworksBuildPhase section */
		AFEAF28F2BD8C242008D484F /* Frameworks */ = {
			isa = PBXFrameworksBuildPhase;
			buildActionMask = 2147483647;
			files = (
			);
			runOnlyForDeploymentPostprocessing = 0;
		};
		AFEAF2A82BD8C24C008D484F /* Frameworks */ = {
			isa = PBXFrameworksBuildPhase;
			buildActionMask = 2147483647;
			files = (
			);
			runOnlyForDeploymentPostprocessing = 0;
		};
		AFEAF2B22BD8C24C008D484F /* Frameworks */ = {
			isa = PBXFrameworksBuildPhase;
			buildActionMask = 2147483647;
			files = (
			);
			runOnlyForDeploymentPostprocessing = 0;
		};
/* End PBXFrameworksBuildPhase section */

/* Begin PBXGroup section */
		3FAB1B2A2BDA4AC700365B06 /* college */ = {
			isa = PBXGroup;
			children = (
				AFEAF2C82BD8C2BA008D484F /* AddCollegeViewController.swift */,
				3FD85E692BDA116800355B26 /* CollegeDetailViewController.swift */,
				AFEAF2D42BD8CD6D008D484F /* CollegeListTableViewCell.swift */,
				AFEAF2D22BD8CCC6008D484F /* CollegeListingViewController.swift */,
				AFEAF2A32BD8C24C008D484F /* LaunchScreen.storyboard */,
			);
			path = college;
			sourceTree = "<group>";
		};
		3FAB1B2B2BDA4AE100365B06 /* Student */ = {
			isa = PBXGroup;
			children = (
				3FD85E712BDA298800355B26 /* StudentListingViewController.swift */,
				3FD85E752BDA2D7600355B26 /* StudentDetailsViewController.swift */,
				3FD85E732BDA29F600355B26 /* StudentListiTableViewCell.swift */,
				3FD85E6F2BDA1EC100355B26 /* StudentDetailViewController.swift */,
				AFEAF2A12BD8C24C008D484F /* Assets.xcassets */,
			);
			path = Student;
			sourceTree = "<group>";
		};
		AFEAF2892BD8C242008D484F = {
			isa = PBXGroup;
			children = (
				3FD85E6B2BDA1C2A00355B26 /* Student+CoreDataClass.swift */,
				3FD85E6C2BDA1C2A00355B26 /* Student+CoreDataProperties.swift */,
				AFEAF2CE2BD8C726008D484F /* College+CoreDataClass.swift */,
				AFEAF2CF2BD8C726008D484F /* College+CoreDataProperties.swift */,
				AFEAF2942BD8C242008D484F /* CoreDataDemo1 */,
				AFEAF2AE2BD8C24C008D484F /* CoreDataDemo1Tests */,
				AFEAF2B82BD8C24C008D484F /* CoreDataDemo1UITests */,
				AFEAF2932BD8C242008D484F /* Products */,
			);
			sourceTree = "<group>";
		};
		AFEAF2932BD8C242008D484F /* Products */ = {
			isa = PBXGroup;
			children = (
				AFEAF2922BD8C242008D484F /* CoreDataDemo1.app */,
				AFEAF2AB2BD8C24C008D484F /* CoreDataDemo1Tests.xctest */,
				AFEAF2B52BD8C24C008D484F /* CoreDataDemo1UITests.xctest */,
			);
			name = Products;
			sourceTree = "<group>";
		};
		AFEAF2942BD8C242008D484F /* CoreDataDemo1 */ = {
			isa = PBXGroup;
			children = (
				AFEAF2952BD8C242008D484F /* AppDelegate.swift */,
				AFEAF2972BD8C242008D484F /* SceneDelegate.swift */,
				AFEAF2992BD8C242008D484F /* ViewController.swift */,
				AFEAF29B2BD8C242008D484F /* Main.storyboard */,
				3FAB1B2B2BDA4AE100365B06 /* Student */,
				3FAB1B2A2BDA4AC700365B06 /* college */,
				AFEAF2A62BD8C24C008D484F /* Info.plist */,
				AFEAF29E2BD8C242008D484F /* CoreDataDemo1.xcdatamodeld */,
			);
			path = CoreDataDemo1;
			sourceTree = "<group>";
		};
		AFEAF2AE2BD8C24C008D484F /* CoreDataDemo1Tests */ = {
			isa = PBXGroup;
			children = (
				AFEAF2AF2BD8C24C008D484F /* CoreDataDemo1Tests.swift */,
			);
			path = CoreDataDemo1Tests;
			sourceTree = "<group>";
		};
		AFEAF2B82BD8C24C008D484F /* CoreDataDemo1UITests */ = {
			isa = PBXGroup;
			children = (
				AFEAF2B92BD8C24C008D484F /* CoreDataDemo1UITests.swift */,
				AFEAF2BB2BD8C24C008D484F /* CoreDataDemo1UITestsLaunchTests.swift */,
			);
			path = CoreDataDemo1UITests;
			sourceTree = "<group>";
		};
/* End PBXGroup section */

/* Begin PBXNativeTarget section */
		AFEAF2912BD8C242008D484F /* CoreDataDemo1 */ = {
			isa = PBXNativeTarget;
			buildConfigurationList = AFEAF2BF2BD8C24C008D484F /* Build configuration list for PBXNativeTarget "CoreDataDemo1" */;
			buildPhases = (
				AFEAF28E2BD8C242008D484F /* Sources */,
				AFEAF28F2BD8C242008D484F /* Frameworks */,
				AFEAF2902BD8C242008D484F /* Resources */,
			);
			buildRules = (
			);
			dependencies = (
			);
			name = CoreDataDemo1;
			productName = CoreDataDemo1;
			productReference = AFEAF2922BD8C242008D484F /* CoreDataDemo1.app */;
			productType = "com.apple.product-type.application";
		};
		AFEAF2AA2BD8C24C008D484F /* CoreDataDemo1Tests */ = {
			isa = PBXNativeTarget;
			buildConfigurationList = AFEAF2C22BD8C24C008D484F /* Build configuration list for PBXNativeTarget "CoreDataDemo1Tests" */;
			buildPhases = (
				AFEAF2A72BD8C24C008D484F /* Sources */,
				AFEAF2A82BD8C24C008D484F /* Frameworks */,
				AFEAF2A92BD8C24C008D484F /* Resources */,
			);
			buildRules = (
			);
			dependencies = (
				AFEAF2AD2BD8C24C008D484F /* PBXTargetDependency */,
			);
			name = CoreDataDemo1Tests;
			productName = CoreDataDemo1Tests;
			productReference = AFEAF2AB2BD8C24C008D484F /* CoreDataDemo1Tests.xctest */;
			productType = "com.apple.product-type.bundle.unit-test";
		};
		AFEAF2B42BD8C24C008D484F /* CoreDataDemo1UITests */ = {
			isa = PBXNativeTarget;
			buildConfigurationList = AFEAF2C52BD8C24C008D484F /* Build configuration list for PBXNativeTarget "CoreDataDemo1UITests" */;
			buildPhases = (
				AFEAF2B12BD8C24C008D484F /* Sources */,
				AFEAF2B22BD8C24C008D484F /* Frameworks */,
				AFEAF2B32BD8C24C008D484F /* Resources */,
			);
			buildRules = (
			);
			dependencies = (
				AFEAF2B72BD8C24C008D484F /* PBXTargetDependency */,
			);
			name = CoreDataDemo1UITests;
			productName = CoreDataDemo1UITests;
			productReference = AFEAF2B52BD8C24C008D484F /* CoreDataDemo1UITests.xctest */;
			productType = "com.apple.product-type.bundle.ui-testing";
		};
/* End PBXNativeTarget section */

/* Begin PBXProject section */
		AFEAF28A2BD8C242008D484F /* Project object */ = {
			isa = PBXProject;
			attributes = {
				BuildIndependentTargetsInParallel = 1;
				LastSwiftUpdateCheck = 1430;
				LastUpgradeCheck = 1430;
				TargetAttributes = {
					AFEAF2912BD8C242008D484F = {
						CreatedOnToolsVersion = 14.3.1;
					};
					AFEAF2AA2BD8C24C008D484F = {
						CreatedOnToolsVersion = 14.3.1;
						TestTargetID = AFEAF2912BD8C242008D484F;
					};
					AFEAF2B42BD8C24C008D484F = {
						CreatedOnToolsVersion = 14.3.1;
						TestTargetID = AFEAF2912BD8C242008D484F;
					};
				};
			};
			buildConfigurationList = AFEAF28D2BD8C242008D484F /* Build configuration list for PBXProject "CoreDataDemo1" */;
			compatibilityVersion = "Xcode 14.0";
			developmentRegion = en;
			hasScannedForEncodings = 0;
			knownRegions = (
				en,
				Base,
			);
			mainGroup = AFEAF2892BD8C242008D484F;
			productRefGroup = AFEAF2932BD8C242008D484F /* Products */;
			projectDirPath = "";
			projectRoot = "";
			targets = (
				AFEAF2912BD8C242008D484F /* CoreDataDemo1 */,
				AFEAF2AA2BD8C24C008D484F /* CoreDataDemo1Tests */,
				AFEAF2B42BD8C24C008D484F /* CoreDataDemo1UITests */,
			);
		};
/* End PBXProject section */

/* Begin PBXResourcesBuildPhase section */
		AFEAF2902BD8C242008D484F /* Resources */ = {
			isa = PBXResourcesBuildPhase;
			buildActionMask = 2147483647;
			files = (
				AFEAF2A52BD8C24C008D484F /* LaunchScreen.storyboard in Resources */,
				AFEAF2A22BD8C24C008D484F /* Assets.xcassets in Resources */,
				AFEAF29D2BD8C242008D484F /* Main.storyboard in Resources */,
			);
			runOnlyForDeploymentPostprocessing = 0;
		};
		AFEAF2A92BD8C24C008D484F /* Resources */ = {
			isa = PBXResourcesBuildPhase;
			buildActionMask = 2147483647;
			files = (
			);
			runOnlyForDeploymentPostprocessing = 0;
		};
		AFEAF2B32BD8C24C008D484F /* Resources */ = {
			isa = PBXResourcesBuildPhase;
			buildActionMask = 2147483647;
			files = (
			);
			runOnlyForDeploymentPostprocessing = 0;
		};
/* End PBXResourcesBuildPhase section */

/* Begin PBXSourcesBuildPhase section */
		AFEAF28E2BD8C242008D484F /* Sources */ = {
			isa = PBXSourcesBuildPhase;
			buildActionMask = 2147483647;
			files = (
				AFEAF2D12BD8C726008D484F /* College+CoreDataProperties.swift in Sources */,
				AFEAF29A2BD8C242008D484F /* ViewController.swift in Sources */,
				3FD85E702BDA1EC100355B26 /* StudentDetailViewController.swift in Sources */,
				AFEAF2962BD8C242008D484F /* AppDelegate.swift in Sources */,
				AFEAF2982BD8C242008D484F /* SceneDelegate.swift in Sources */,
				AFEAF2D02BD8C726008D484F /* College+CoreDataClass.swift in Sources */,
				AFEAF2D32BD8CCC6008D484F /* CollegeListingViewController.swift in Sources */,
				3FD85E722BDA298800355B26 /* StudentListingViewController.swift in Sources */,
				AFEAF2A02BD8C242008D484F /* CoreDataDemo1.xcdatamodeld in Sources */,
				3FD85E6D2BDA1C2A00355B26 /* Student+CoreDataClass.swift in Sources */,
				3FD85E6E2BDA1C2A00355B26 /* Student+CoreDataProperties.swift in Sources */,
				3FD85E6A2BDA116800355B26 /* CollegeDetailViewController.swift in Sources */,
				AFEAF2D52BD8CD6D008D484F /* CollegeListTableViewCell.swift in Sources */,
				3FD85E762BDA2D7600355B26 /* StudentDetailsViewController.swift in Sources */,
				3FD85E742BDA29F600355B26 /* StudentListiTableViewCell.swift in Sources */,
				AFEAF2C92BD8C2BA008D484F /* AddCollegeViewController.swift in Sources */,
			);
			runOnlyForDeploymentPostprocessing = 0;
		};
		AFEAF2A72BD8C24C008D484F /* Sources */ = {
			isa = PBXSourcesBuildPhase;
			buildActionMask = 2147483647;
			files = (
				AFEAF2B02BD8C24C008D484F /* CoreDataDemo1Tests.swift in Sources */,
			);
			runOnlyForDeploymentPostprocessing = 0;
		};
		AFEAF2B12BD8C24C008D484F /* Sources */ = {
			isa = PBXSourcesBuildPhase;
			buildActionMask = 2147483647;
			files = (
				AFEAF2BC2BD8C24C008D484F /* CoreDataDemo1UITestsLaunchTests.swift in Sources */,
				AFEAF2BA2BD8C24C008D484F /* CoreDataDemo1UITests.swift in Sources */,
			);
			runOnlyForDeploymentPostprocessing = 0;
		};
/* End PBXSourcesBuildPhase section */

/* Begin PBXTargetDependency section */
		AFEAF2AD2BD8C24C008D484F /* PBXTargetDependency */ = {
			isa = PBXTargetDependency;
			target = AFEAF2912BD8C242008D484F /* CoreDataDemo1 */;
			targetProxy = AFEAF2AC2BD8C24C008D484F /* PBXContainerItemProxy */;
		};
		AFEAF2B72BD8C24C008D484F /* PBXTargetDependency */ = {
			isa = PBXTargetDependency;
			target = AFEAF2912BD8C242008D484F /* CoreDataDemo1 */;
			targetProxy = AFEAF2B62BD8C24C008D484F /* PBXContainerItemProxy */;
		};
/* End PBXTargetDependency section */

/* Begin PBXVariantGroup section */
		AFEAF29B2BD8C242008D484F /* Main.storyboard */ = {
			isa = PBXVariantGroup;
			children = (
				AFEAF29C2BD8C242008D484F /* Base */,
			);
			name = Main.storyboard;
			sourceTree = "<group>";
		};
		AFEAF2A32BD8C24C008D484F /* LaunchScreen.storyboard */ = {
			isa = PBXVariantGroup;
			children = (
				AFEAF2A42BD8C24C008D484F /* Base */,
			);
			name = LaunchScreen.storyboard;
			sourceTree = "<group>";
		};
/* End PBXVariantGroup section */

/* Begin XCBuildConfiguration section */
		AFEAF2BD2BD8C24C008D484F /* Debug */ = {
			isa = XCBuildConfiguration;
			buildSettings = {
				ALWAYS_SEARCH_USER_PATHS = NO;
				CLANG_ANALYZER_NONNULL = YES;
				CLANG_ANALYZER_NUMBER_OBJECT_CONVERSION = YES_AGGRESSIVE;
				CLANG_CXX_LANGUAGE_STANDARD = "gnu++20";
				CLANG_ENABLE_MODULES = YES;
				CLANG_ENABLE_OBJC_ARC = YES;
				CLANG_ENABLE_OBJC_WEAK = YES;
				CLANG_WARN_BLOCK_CAPTURE_AUTORELEASING = YES;
				CLANG_WARN_BOOL_CONVERSION = YES;
				CLANG_WARN_COMMA = YES;
				CLANG_WARN_CONSTANT_CONVERSION = YES;
				CLANG_WARN_DEPRECATED_OBJC_IMPLEMENTATIONS = YES;
				CLANG_WARN_DIRECT_OBJC_ISA_USAGE = YES_ERROR;
				CLANG_WARN_DOCUMENTATION_COMMENTS = YES;
				CLANG_WARN_EMPTY_BODY = YES;
				CLANG_WARN_ENUM_CONVERSION = YES;
				CLANG_WARN_INFINITE_RECURSION = YES;
				CLANG_WARN_INT_CONVERSION = YES;
				CLANG_WARN_NON_LITERAL_NULL_CONVERSION = YES;
				CLANG_WARN_OBJC_IMPLICIT_RETAIN_SELF = YES;
				CLANG_WARN_OBJC_LITERAL_CONVERSION = YES;
				CLANG_WARN_OBJC_ROOT_CLASS = YES_ERROR;
				CLANG_WARN_QUOTED_INCLUDE_IN_FRAMEWORK_HEADER = YES;
				CLANG_WARN_RANGE_LOOP_ANALYSIS = YES;
				CLANG_WARN_STRICT_PROTOTYPES = YES;
				CLANG_WARN_SUSPICIOUS_MOVE = YES;
				CLANG_WARN_UNGUARDED_AVAILABILITY = YES_AGGRESSIVE;
				CLANG_WARN_UNREACHABLE_CODE = YES;
				CLANG_WARN__DUPLICATE_METHOD_MATCH = YES;
				COPY_PHASE_STRIP = NO;
				DEBUG_INFORMATION_FORMAT = dwarf;
				ENABLE_STRICT_OBJC_MSGSEND = YES;
				ENABLE_TESTABILITY = YES;
				GCC_C_LANGUAGE_STANDARD = gnu11;
				GCC_DYNAMIC_NO_PIC = NO;
				GCC_NO_COMMON_BLOCKS = YES;
				GCC_OPTIMIZATION_LEVEL = 0;
				GCC_PREPROCESSOR_DEFINITIONS = (
					"DEBUG=1",
					"$(inherited)",
				);
				GCC_WARN_64_TO_32_BIT_CONVERSION = YES;
				GCC_WARN_ABOUT_RETURN_TYPE = YES_ERROR;
				GCC_WARN_UNDECLARED_SELECTOR = YES;
				GCC_WARN_UNINITIALIZED_AUTOS = YES_AGGRESSIVE;
				GCC_WARN_UNUSED_FUNCTION = YES;
				GCC_WARN_UNUSED_VARIABLE = YES;
				IPHONEOS_DEPLOYMENT_TARGET = 16.4;
				MTL_ENABLE_DEBUG_INFO = INCLUDE_SOURCE;
				MTL_FAST_MATH = YES;
				ONLY_ACTIVE_ARCH = YES;
				SDKROOT = iphoneos;
				SWIFT_ACTIVE_COMPILATION_CONDITIONS = DEBUG;
				SWIFT_OPTIMIZATION_LEVEL = "-Onone";
			};
			name = Debug;
		};
		AFEAF2BE2BD8C24C008D484F /* Release */ = {
			isa = XCBuildConfiguration;
			buildSettings = {
				ALWAYS_SEARCH_USER_PATHS = NO;
				CLANG_ANALYZER_NONNULL = YES;
				CLANG_ANALYZER_NUMBER_OBJECT_CONVERSION = YES_AGGRESSIVE;
				CLANG_CXX_LANGUAGE_STANDARD = "gnu++20";
				CLANG_ENABLE_MODULES = YES;
				CLANG_ENABLE_OBJC_ARC = YES;
				CLANG_ENABLE_OBJC_WEAK = YES;
				CLANG_WARN_BLOCK_CAPTURE_AUTORELEASING = YES;
				CLANG_WARN_BOOL_CONVERSION = YES;
				CLANG_WARN_COMMA = YES;
				CLANG_WARN_CONSTANT_CONVERSION = YES;
				CLANG_WARN_DEPRECATED_OBJC_IMPLEMENTATIONS = YES;
				CLANG_WARN_DIRECT_OBJC_ISA_USAGE = YES_ERROR;
				CLANG_WARN_DOCUMENTATION_COMMENTS = YES;
				CLANG_WARN_EMPTY_BODY = YES;
				CLANG_WARN_ENUM_CONVERSION = YES;
				CLANG_WARN_INFINITE_RECURSION = YES;
				CLANG_WARN_INT_CONVERSION = YES;
				CLANG_WARN_NON_LITERAL_NULL_CONVERSION = YES;
				CLANG_WARN_OBJC_IMPLICIT_RETAIN_SELF = YES;
				CLANG_WARN_OBJC_LITERAL_CONVERSION = YES;
				CLANG_WARN_OBJC_ROOT_CLASS = YES_ERROR;
				CLANG_WARN_QUOTED_INCLUDE_IN_FRAMEWORK_HEADER = YES;
				CLANG_WARN_RANGE_LOOP_ANALYSIS = YES;
				CLANG_WARN_STRICT_PROTOTYPES = YES;
				CLANG_WARN_SUSPICIOUS_MOVE = YES;
				CLANG_WARN_UNGUARDED_AVAILABILITY = YES_AGGRESSIVE;
				CLANG_WARN_UNREACHABLE_CODE = YES;
				CLANG_WARN__DUPLICATE_METHOD_MATCH = YES;
				COPY_PHASE_STRIP = NO;
				DEBUG_INFORMATION_FORMAT = "dwarf-with-dsym";
				ENABLE_NS_ASSERTIONS = NO;
				ENABLE_STRICT_OBJC_MSGSEND = YES;
				GCC_C_LANGUAGE_STANDARD = gnu11;
				GCC_NO_COMMON_BLOCKS = YES;
				GCC_WARN_64_TO_32_BIT_CONVERSION = YES;
				GCC_WARN_ABOUT_RETURN_TYPE = YES_ERROR;
				GCC_WARN_UNDECLARED_SELECTOR = YES;
				GCC_WARN_UNINITIALIZED_AUTOS = YES_AGGRESSIVE;
				GCC_WARN_UNUSED_FUNCTION = YES;
				GCC_WARN_UNUSED_VARIABLE = YES;
				IPHONEOS_DEPLOYMENT_TARGET = 16.4;
				MTL_ENABLE_DEBUG_INFO = NO;
				MTL_FAST_MATH = YES;
				SDKROOT = iphoneos;
				SWIFT_COMPILATION_MODE = wholemodule;
				SWIFT_OPTIMIZATION_LEVEL = "-O";
				VALIDATE_PRODUCT = YES;
			};
			name = Release;
		};
		AFEAF2C02BD8C24C008D484F /* Debug */ = {
			isa = XCBuildConfiguration;
			buildSettings = {
				ASSETCATALOG_COMPILER_APPICON_NAME = AppIcon;
				ASSETCATALOG_COMPILER_GLOBAL_ACCENT_COLOR_NAME = AccentColor;
				CODE_SIGN_STYLE = Automatic;
				CURRENT_PROJECT_VERSION = 1;
				GENERATE_INFOPLIST_FILE = YES;
				INFOPLIST_FILE = CoreDataDemo1/Info.plist;
				INFOPLIST_KEY_UIApplicationSupportsIndirectInputEvents = YES;
				INFOPLIST_KEY_UILaunchStoryboardName = LaunchScreen;
				INFOPLIST_KEY_UIMainStoryboardFile = Main;
				INFOPLIST_KEY_UISupportedInterfaceOrientations_iPad = "UIInterfaceOrientationPortrait UIInterfaceOrientationPortraitUpsideDown UIInterfaceOrientationLandscapeLeft UIInterfaceOrientationLandscapeRight";
				INFOPLIST_KEY_UISupportedInterfaceOrientations_iPhone = "UIInterfaceOrientationPortrait UIInterfaceOrientationLandscapeLeft UIInterfaceOrientationLandscapeRight";
				LD_RUNPATH_SEARCH_PATHS = (
					"$(inherited)",
					"@executable_path/Frameworks",
				);
				MARKETING_VERSION = 1.0;
				PRODUCT_BUNDLE_IDENTIFIER = com.Dummy.CoreDataDemo1;
				PRODUCT_NAME = "$(TARGET_NAME)";
				SWIFT_EMIT_LOC_STRINGS = YES;
				SWIFT_VERSION = 5.0;
				TARGETED_DEVICE_FAMILY = "1,2";
			};
			name = Debug;
		};
		AFEAF2C12BD8C24C008D484F /* Release */ = {
			isa = XCBuildConfiguration;
			buildSettings = {
				ASSETCATALOG_COMPILER_APPICON_NAME = AppIcon;
				ASSETCATALOG_COMPILER_GLOBAL_ACCENT_COLOR_NAME = AccentColor;
				CODE_SIGN_STYLE = Automatic;
				CURRENT_PROJECT_VERSION = 1;
				GENERATE_INFOPLIST_FILE = YES;
				INFOPLIST_FILE = CoreDataDemo1/Info.plist;
				INFOPLIST_KEY_UIApplicationSupportsIndirectInputEvents = YES;
				INFOPLIST_KEY_UILaunchStoryboardName = LaunchScreen;
				INFOPLIST_KEY_UIMainStoryboardFile = Main;
				INFOPLIST_KEY_UISupportedInterfaceOrientations_iPad = "UIInterfaceOrientationPortrait UIInterfaceOrientationPortraitUpsideDown UIInterfaceOrientationLandscapeLeft UIInterfaceOrientationLandscapeRight";
				INFOPLIST_KEY_UISupportedInterfaceOrientations_iPhone = "UIInterfaceOrientationPortrait UIInterfaceOrientationLandscapeLeft UIInterfaceOrientationLandscapeRight";
				LD_RUNPATH_SEARCH_PATHS = (
					"$(inherited)",
					"@executable_path/Frameworks",
				);
				MARKETING_VERSION = 1.0;
				PRODUCT_BUNDLE_IDENTIFIER = com.Dummy.CoreDataDemo1;
				PRODUCT_NAME = "$(TARGET_NAME)";
				SWIFT_EMIT_LOC_STRINGS = YES;
				SWIFT_VERSION = 5.0;
				TARGETED_DEVICE_FAMILY = "1,2";
			};
			name = Release;
		};
		AFEAF2C32BD8C24C008D484F /* Debug */ = {
			isa = XCBuildConfiguration;
			buildSettings = {
				ALWAYS_EMBED_SWIFT_STANDARD_LIBRARIES = YES;
				BUNDLE_LOADER = "$(TEST_HOST)";
				CODE_SIGN_STYLE = Automatic;
				CURRENT_PROJECT_VERSION = 1;
				GENERATE_INFOPLIST_FILE = YES;
				IPHONEOS_DEPLOYMENT_TARGET = 16.4;
				MARKETING_VERSION = 1.0;
				PRODUCT_BUNDLE_IDENTIFIER = com.Dummy.CoreDataDemo1Tests;
				PRODUCT_NAME = "$(TARGET_NAME)";
				SWIFT_EMIT_LOC_STRINGS = NO;
				SWIFT_VERSION = 5.0;
				TARGETED_DEVICE_FAMILY = "1,2";
				TEST_HOST = "$(BUILT_PRODUCTS_DIR)/CoreDataDemo1.app/$(BUNDLE_EXECUTABLE_FOLDER_PATH)/CoreDataDemo1";
			};
			name = Debug;
		};
		AFEAF2C42BD8C24C008D484F /* Release */ = {
			isa = XCBuildConfiguration;
			buildSettings = {
				ALWAYS_EMBED_SWIFT_STANDARD_LIBRARIES = YES;
				BUNDLE_LOADER = "$(TEST_HOST)";
				CODE_SIGN_STYLE = Automatic;
				CURRENT_PROJECT_VERSION = 1;
				GENERATE_INFOPLIST_FILE = YES;
				IPHONEOS_DEPLOYMENT_TARGET = 16.4;
				MARKETING_VERSION = 1.0;
				PRODUCT_BUNDLE_IDENTIFIER = com.Dummy.CoreDataDemo1Tests;
				PRODUCT_NAME = "$(TARGET_NAME)";
				SWIFT_EMIT_LOC_STRINGS = NO;
				SWIFT_VERSION = 5.0;
				TARGETED_DEVICE_FAMILY = "1,2";
				TEST_HOST = "$(BUILT_PRODUCTS_DIR)/CoreDataDemo1.app/$(BUNDLE_EXECUTABLE_FOLDER_PATH)/CoreDataDemo1";
			};
			name = Release;
		};
		AFEAF2C62BD8C24C008D484F /* Debug */ = {
			isa = XCBuildConfiguration;
			buildSettings = {
				ALWAYS_EMBED_SWIFT_STANDARD_LIBRARIES = YES;
				CODE_SIGN_STYLE = Automatic;
				CURRENT_PROJECT_VERSION = 1;
				GENERATE_INFOPLIST_FILE = YES;
				MARKETING_VERSION = 1.0;
				PRODUCT_BUNDLE_IDENTIFIER = com.Dummy.CoreDataDemo1UITests;
				PRODUCT_NAME = "$(TARGET_NAME)";
				SWIFT_EMIT_LOC_STRINGS = NO;
				SWIFT_VERSION = 5.0;
				TARGETED_DEVICE_FAMILY = "1,2";
				TEST_TARGET_NAME = CoreDataDemo1;
			};
			name = Debug;
		};
		AFEAF2C72BD8C24C008D484F /* Release */ = {
			isa = XCBuildConfiguration;
			buildSettings = {
				ALWAYS_EMBED_SWIFT_STANDARD_LIBRARIES = YES;
				CODE_SIGN_STYLE = Automatic;
				CURRENT_PROJECT_VERSION = 1;
				GENERATE_INFOPLIST_FILE = YES;
				MARKETING_VERSION = 1.0;
				PRODUCT_BUNDLE_IDENTIFIER = com.Dummy.CoreDataDemo1UITests;
				PRODUCT_NAME = "$(TARGET_NAME)";
				SWIFT_EMIT_LOC_STRINGS = NO;
				SWIFT_VERSION = 5.0;
				TARGETED_DEVICE_FAMILY = "1,2";
				TEST_TARGET_NAME = CoreDataDemo1;
			};
			name = Release;
		};
/* End XCBuildConfiguration section */

/* Begin XCConfigurationList section */
		AFEAF28D2BD8C242008D484F /* Build configuration list for PBXProject "CoreDataDemo1" */ = {
			isa = XCConfigurationList;
			buildConfigurations = (
				AFEAF2BD2BD8C24C008D484F /* Debug */,
				AFEAF2BE2BD8C24C008D484F /* Release */,
			);
			defaultConfigurationIsVisible = 0;
			defaultConfigurationName = Release;
		};
		AFEAF2BF2BD8C24C008D484F /* Build configuration list for PBXNativeTarget "CoreDataDemo1" */ = {
			isa = XCConfigurationList;
			buildConfigurations = (
				AFEAF2C02BD8C24C008D484F /* Debug */,
				AFEAF2C12BD8C24C008D484F /* Release */,
			);
			defaultConfigurationIsVisible = 0;
			defaultConfigurationName = Release;
		};
		AFEAF2C22BD8C24C008D484F /* Build configuration list for PBXNativeTarget "CoreDataDemo1Tests" */ = {
			isa = XCConfigurationList;
			buildConfigurations = (
				AFEAF2C32BD8C24C008D484F /* Debug */,
				AFEAF2C42BD8C24C008D484F /* Release */,
			);
			defaultConfigurationIsVisible = 0;
			defaultConfigurationName = Release;
		};
		AFEAF2C52BD8C24C008D484F /* Build configuration list for PBXNativeTarget "CoreDataDemo1UITests" */ = {
			isa = XCConfigurationList;
			buildConfigurations = (
				AFEAF2C62BD8C24C008D484F /* Debug */,
				AFEAF2C72BD8C24C008D484F /* Release */,
			);
			defaultConfigurationIsVisible = 0;
			defaultConfigurationName = Release;
		};
/* End XCConfigurationList section */

/* Begin XCVersionGroup section */
		AFEAF29E2BD8C242008D484F /* CoreDataDemo1.xcdatamodeld */ = {
			isa = XCVersionGroup;
			children = (
				AFEAF29F2BD8C242008D484F /* CoreDataDemo1.xcdatamodel */,
			);
			currentVersion = AFEAF29F2BD8C242008D484F /* CoreDataDemo1.xcdatamodel */;
			path = CoreDataDemo1.xcdatamodeld;
			sourceTree = "<group>";
			versionGroupType = wrapper.xcdatamodel;
		};
/* End XCVersionGroup section */
	};
	rootObject = AFEAF28A2BD8C242008D484F /* Project object */;
}
